
Microsoft Visual Studio Solution File, Format Version 12.00
# Visual Studio Version 17
VisualStudioVersion = 17.1.32319.34
MinimumVisualStudioVersion = 10.0.40219.1
Project("{FAE04EC0-301F-11D3-BF4B-00C04F79EFBC}") = "EditorTxT", "EditorTxT.csproj", "{DE8435A5-652F-4428-BCED-04CE034DB1F2}"
EndProject
Global
	GlobalSection(SolutionConfigurationPlatforms) = preSolution
		Debug|Any CPU = Debug|Any CPU
		Release|Any CPU = Release|Any CPU
	EndGlobalSection
	GlobalSection(ProjectConfigurationPlatforms) = postSolution
		{DE8435A5-652F-4428-BCED-04CE034DB1F2}.Debug|Any CPU.ActiveCfg = Debug|Any CPU
		{DE8435A5-652F-4428-BCED-04CE034DB1F2}.Debug|Any CPU.Build.0 = Debug|Any CPU
		{DE8435A5-652F-4428-BCED-04CE034DB1F2}.Release|Any CPU.ActiveCfg = Release|Any CPU
		{DE8435A5-652F-4428-BCED-04CE034DB1F2}.Release|Any CPU.Build.0 = Release|Any CPU
	EndGlobalSection
	GlobalSection(SolutionProperties) = preSolution
		HideSolutionNode = FALSE
	EndGlobalSection
	GlobalSection(ExtensibilityGlobals) = postSolution
		SolutionGuid = {EBB7A58C-1F0C-49A6-A140-26680F86AB65}
	EndGlobalSection
EndGlobal
